// !$*UTF8*$!
{
	archiveVersion = 1;
	classes = {
	};
	objectVersion = 48;
	objects = {

/* Begin PBXBuildFile section */
		461959321FE4F0E400E5D763 /* AppDelegate.swift in Sources */ = {isa = PBXBuildFile; fileRef = 461959311FE4F0E400E5D763 /* AppDelegate.swift */; };
		461959341FE4F0E400E5D763 /* PostViewController.swift in Sources */ = {isa = PBXBuildFile; fileRef = 461959331FE4F0E400E5D763 /* PostViewController.swift */; };
		461959371FE4F0E400E5D763 /* Main.storyboard in Resources */ = {isa = PBXBuildFile; fileRef = 461959351FE4F0E400E5D763 /* Main.storyboard */; };
		461959391FE4F0E400E5D763 /* Assets.xcassets in Resources */ = {isa = PBXBuildFile; fileRef = 461959381FE4F0E400E5D763 /* Assets.xcassets */; };
		4654EFE41FF3E70B00F781AC /* UtilModel.swift in Sources */ = {isa = PBXBuildFile; fileRef = 4654EFE31FF3E70B00F781AC /* UtilModel.swift */; };
		4654EFE61FF3EB4A00F781AC /* PostViewModel.swift in Sources */ = {isa = PBXBuildFile; fileRef = 4654EFE51FF3EB4A00F781AC /* PostViewModel.swift */; };
		465A368E1FE503E400C25BE7 /* ResultViewController.swift in Sources */ = {isa = PBXBuildFile; fileRef = 465A368D1FE503E400C25BE7 /* ResultViewController.swift */; };
		465A36901FE5062D00C25BE7 /* AVKit.framework in Frameworks */ = {isa = PBXBuildFile; fileRef = 465A368F1FE5062C00C25BE7 /* AVKit.framework */; };
		465A36921FE5063200C25BE7 /* AVFoundation.framework in Frameworks */ = {isa = PBXBuildFile; fileRef = 465A36911FE5063200C25BE7 /* AVFoundation.framework */; };
		465A36961FE51FFF00C25BE7 /* VideoManager.swift in Sources */ = {isa = PBXBuildFile; fileRef = 465A36951FE51FFF00C25BE7 /* VideoManager.swift */; };
		46A428201FE57895005034C4 /* UIAlertController+extension.swift in Sources */ = {isa = PBXBuildFile; fileRef = 46A4281F1FE57895005034C4 /* UIAlertController+extension.swift */; };
		46A428221FE68910005034C4 /* SettingViewController.swift in Sources */ = {isa = PBXBuildFile; fileRef = 46A428211FE68910005034C4 /* SettingViewController.swift */; };
		46A428241FE69171005034C4 /* ResultViewModel.swift in Sources */ = {isa = PBXBuildFile; fileRef = 46A428231FE69171005034C4 /* ResultViewModel.swift */; };
		46CEFB591FE9502B0039AA78 /* LayoutViewModel.swift in Sources */ = {isa = PBXBuildFile; fileRef = 46CEFB581FE9502B0039AA78 /* LayoutViewModel.swift */; };
		AA4AD5209BE46BCA83B33A3F /* Pods_osyaberiya.framework in Frameworks */ = {isa = PBXBuildFile; fileRef = C098AE4288AF92030FF695C9 /* Pods_osyaberiya.framework */; };
/* End PBXBuildFile section */

/* Begin PBXFileReference section */
		1A8B6B412ADECE909F304D5B /* Pods-osyaberiya.release.xcconfig */ = {isa = PBXFileReference; includeInIndex = 1; lastKnownFileType = text.xcconfig; name = "Pods-osyaberiya.release.xcconfig"; path = "Pods/Target Support Files/Pods-osyaberiya/Pods-osyaberiya.release.xcconfig"; sourceTree = "<group>"; };
		4619592E1FE4F0E400E5D763 /* osyaberiya.app */ = {isa = PBXFileReference; explicitFileType = wrapper.application; includeInIndex = 0; path = osyaberiya.app; sourceTree = BUILT_PRODUCTS_DIR; };
		461959311FE4F0E400E5D763 /* AppDelegate.swift */ = {isa = PBXFileReference; lastKnownFileType = sourcecode.swift; path = AppDelegate.swift; sourceTree = "<group>"; };
		461959331FE4F0E400E5D763 /* PostViewController.swift */ = {isa = PBXFileReference; lastKnownFileType = sourcecode.swift; path = PostViewController.swift; sourceTree = "<group>"; };
		461959361FE4F0E400E5D763 /* Base */ = {isa = PBXFileReference; lastKnownFileType = file.storyboard; name = Base; path = Base.lproj/Main.storyboard; sourceTree = "<group>"; };
		461959381FE4F0E400E5D763 /* Assets.xcassets */ = {isa = PBXFileReference; lastKnownFileType = folder.assetcatalog; path = Assets.xcassets; sourceTree = "<group>"; };
		4619593D1FE4F0E400E5D763 /* Info.plist */ = {isa = PBXFileReference; lastKnownFileType = text.plist.xml; path = Info.plist; sourceTree = "<group>"; };
		4654EFE31FF3E70B00F781AC /* UtilModel.swift */ = {isa = PBXFileReference; lastKnownFileType = sourcecode.swift; path = UtilModel.swift; sourceTree = "<group>"; };
		4654EFE51FF3EB4A00F781AC /* PostViewModel.swift */ = {isa = PBXFileReference; lastKnownFileType = sourcecode.swift; path = PostViewModel.swift; sourceTree = "<group>"; };
		465A368D1FE503E400C25BE7 /* ResultViewController.swift */ = {isa = PBXFileReference; lastKnownFileType = sourcecode.swift; path = ResultViewController.swift; sourceTree = "<group>"; };
		465A368F1FE5062C00C25BE7 /* AVKit.framework */ = {isa = PBXFileReference; lastKnownFileType = wrapper.framework; name = AVKit.framework; path = System/Library/Frameworks/AVKit.framework; sourceTree = SDKROOT; };
		465A36911FE5063200C25BE7 /* AVFoundation.framework */ = {isa = PBXFileReference; lastKnownFileType = wrapper.framework; name = AVFoundation.framework; path = System/Library/Frameworks/AVFoundation.framework; sourceTree = SDKROOT; };
		465A36951FE51FFF00C25BE7 /* VideoManager.swift */ = {isa = PBXFileReference; lastKnownFileType = sourcecode.swift; path = VideoManager.swift; sourceTree = "<group>"; };
		465A36981FE5431B00C25BE7 /* osyaberiya-Bridging-Header.h */ = {isa = PBXFileReference; lastKnownFileType = sourcecode.c.h; path = "osyaberiya-Bridging-Header.h"; sourceTree = "<group>"; };
		46A4281F1FE57895005034C4 /* UIAlertController+extension.swift */ = {isa = PBXFileReference; lastKnownFileType = sourcecode.swift; path = "UIAlertController+extension.swift"; sourceTree = "<group>"; };
		46A428211FE68910005034C4 /* SettingViewController.swift */ = {isa = PBXFileReference; lastKnownFileType = sourcecode.swift; path = SettingViewController.swift; sourceTree = "<group>"; };
		46A428231FE69171005034C4 /* ResultViewModel.swift */ = {isa = PBXFileReference; lastKnownFileType = sourcecode.swift; path = ResultViewModel.swift; sourceTree = "<group>"; };
		46CEFB581FE9502B0039AA78 /* LayoutViewModel.swift */ = {isa = PBXFileReference; lastKnownFileType = sourcecode.swift; path = LayoutViewModel.swift; sourceTree = "<group>"; };
		C098AE4288AF92030FF695C9 /* Pods_osyaberiya.framework */ = {isa = PBXFileReference; explicitFileType = wrapper.framework; includeInIndex = 0; path = Pods_osyaberiya.framework; sourceTree = BUILT_PRODUCTS_DIR; };
		E473DD01AD0C9AD8B95EAB03 /* Pods-osyaberiya.debug.xcconfig */ = {isa = PBXFileReference; includeInIndex = 1; lastKnownFileType = text.xcconfig; name = "Pods-osyaberiya.debug.xcconfig"; path = "Pods/Target Support Files/Pods-osyaberiya/Pods-osyaberiya.debug.xcconfig"; sourceTree = "<group>"; };
/* End PBXFileReference section */

/* Begin PBXFrameworksBuildPhase section */
		4619592B1FE4F0E400E5D763 /* Frameworks */ = {
			isa = PBXFrameworksBuildPhase;
			buildActionMask = 2147483647;
			files = (
				465A36921FE5063200C25BE7 /* AVFoundation.framework in Frameworks */,
				465A36901FE5062D00C25BE7 /* AVKit.framework in Frameworks */,
				AA4AD5209BE46BCA83B33A3F /* Pods_osyaberiya.framework in Frameworks */,
			);
			runOnlyForDeploymentPostprocessing = 0;
		};
/* End PBXFrameworksBuildPhase section */

/* Begin PBXGroup section */
		461959251FE4F0E400E5D763 = {
			isa = PBXGroup;
			children = (
				461959301FE4F0E400E5D763 /* osyaberiya */,
				4619592F1FE4F0E400E5D763 /* Products */,
				9B11BCE5696000FA612ECD70 /* Pods */,
				7C833DC5A7EC3B1F573DBC00 /* Frameworks */,
			);
			sourceTree = "<group>";
		};
		4619592F1FE4F0E400E5D763 /* Products */ = {
			isa = PBXGroup;
			children = (
				4619592E1FE4F0E400E5D763 /* osyaberiya.app */,
			);
			name = Products;
			sourceTree = "<group>";
		};
		461959301FE4F0E400E5D763 /* osyaberiya */ = {
			isa = PBXGroup;
			children = (
				465A36981FE5431B00C25BE7 /* osyaberiya-Bridging-Header.h */,
				461959311FE4F0E400E5D763 /* AppDelegate.swift */,
				461959331FE4F0E400E5D763 /* PostViewController.swift */,
				4654EFE51FF3EB4A00F781AC /* PostViewModel.swift */,
				465A368D1FE503E400C25BE7 /* ResultViewController.swift */,
				46A428231FE69171005034C4 /* ResultViewModel.swift */,
				46A428211FE68910005034C4 /* SettingViewController.swift */,
				46CEFB581FE9502B0039AA78 /* LayoutViewModel.swift */,
				4654EFE31FF3E70B00F781AC /* UtilModel.swift */,
				465A36951FE51FFF00C25BE7 /* VideoManager.swift */,
				46A4281F1FE57895005034C4 /* UIAlertController+extension.swift */,
				461959351FE4F0E400E5D763 /* Main.storyboard */,
				461959381FE4F0E400E5D763 /* Assets.xcassets */,
				4619593D1FE4F0E400E5D763 /* Info.plist */,
			);
			path = osyaberiya;
			sourceTree = "<group>";
		};
		7C833DC5A7EC3B1F573DBC00 /* Frameworks */ = {
			isa = PBXGroup;
			children = (
				465A36911FE5063200C25BE7 /* AVFoundation.framework */,
				465A368F1FE5062C00C25BE7 /* AVKit.framework */,
				C098AE4288AF92030FF695C9 /* Pods_osyaberiya.framework */,
			);
			name = Frameworks;
			sourceTree = "<group>";
		};
		9B11BCE5696000FA612ECD70 /* Pods */ = {
			isa = PBXGroup;
			children = (
				E473DD01AD0C9AD8B95EAB03 /* Pods-osyaberiya.debug.xcconfig */,
				1A8B6B412ADECE909F304D5B /* Pods-osyaberiya.release.xcconfig */,
			);
			name = Pods;
			sourceTree = "<group>";
		};
/* End PBXGroup section */

/* Begin PBXNativeTarget section */
		4619592D1FE4F0E400E5D763 /* osyaberiya */ = {
			isa = PBXNativeTarget;
			buildConfigurationList = 461959401FE4F0E400E5D763 /* Build configuration list for PBXNativeTarget "osyaberiya" */;
			buildPhases = (
				1DF227E10A1824295A0230DC /* [CP] Check Pods Manifest.lock */,
				4619592A1FE4F0E400E5D763 /* Sources */,
				4619592B1FE4F0E400E5D763 /* Frameworks */,
				4619592C1FE4F0E400E5D763 /* Resources */,
				C5F29F1542EA3FA6A70ADA18 /* [CP] Embed Pods Frameworks */,
				8C6700C9DF41678313B81ADA /* [CP] Copy Pods Resources */,
				464D47FC1FF2A288004226D1 /* ShellScript */,
			);
			buildRules = (
			);
			dependencies = (
			);
			name = osyaberiya;
			productName = osyaberiya;
			productReference = 4619592E1FE4F0E400E5D763 /* osyaberiya.app */;
			productType = "com.apple.product-type.application";
		};
/* End PBXNativeTarget section */

/* Begin PBXProject section */
		461959261FE4F0E400E5D763 /* Project object */ = {
			isa = PBXProject;
			attributes = {
				LastSwiftUpdateCheck = 0920;
				LastUpgradeCheck = 0920;
				ORGANIZATIONNAME = koooootake;
				TargetAttributes = {
					4619592D1FE4F0E400E5D763 = {
						CreatedOnToolsVersion = 9.2;
						LastSwiftMigration = 0920;
						ProvisioningStyle = Automatic;
					};
				};
			};
			buildConfigurationList = 461959291FE4F0E400E5D763 /* Build configuration list for PBXProject "osyaberiya" */;
			compatibilityVersion = "Xcode 8.0";
			developmentRegion = en;
			hasScannedForEncodings = 0;
			knownRegions = (
				en,
				Base,
			);
			mainGroup = 461959251FE4F0E400E5D763;
			productRefGroup = 4619592F1FE4F0E400E5D763 /* Products */;
			projectDirPath = "";
			projectRoot = "";
			targets = (
				4619592D1FE4F0E400E5D763 /* osyaberiya */,
			);
		};
/* End PBXProject section */

/* Begin PBXResourcesBuildPhase section */
		4619592C1FE4F0E400E5D763 /* Resources */ = {
			isa = PBXResourcesBuildPhase;
			buildActionMask = 2147483647;
			files = (
				461959391FE4F0E400E5D763 /* Assets.xcassets in Resources */,
				461959371FE4F0E400E5D763 /* Main.storyboard in Resources */,
			);
			runOnlyForDeploymentPostprocessing = 0;
		};
/* End PBXResourcesBuildPhase section */

/* Begin PBXShellScriptBuildPhase section */
		1DF227E10A1824295A0230DC /* [CP] Check Pods Manifest.lock */ = {
			isa = PBXShellScriptBuildPhase;
			buildActionMask = 2147483647;
			files = (
			);
			inputPaths = (
				"${PODS_PODFILE_DIR_PATH}/Podfile.lock",
				"${PODS_ROOT}/Manifest.lock",
			);
			name = "[CP] Check Pods Manifest.lock";
			outputPaths = (
				"$(DERIVED_FILE_DIR)/Pods-osyaberiya-checkManifestLockResult.txt",
			);
			runOnlyForDeploymentPostprocessing = 0;
			shellPath = /bin/sh;
			shellScript = "diff \"${PODS_PODFILE_DIR_PATH}/Podfile.lock\" \"${PODS_ROOT}/Manifest.lock\" > /dev/null\nif [ $? != 0 ] ; then\n    # print error to STDERR\n    echo \"error: The sandbox is not in sync with the Podfile.lock. Run 'pod install' or update your CocoaPods installation.\" >&2\n    exit 1\nfi\n# This output is used by Xcode 'outputs' to avoid re-running this script phase.\necho \"SUCCESS\" > \"${SCRIPT_OUTPUT_FILE_0}\"\n";
			showEnvVarsInLog = 0;
		};
		464D47FC1FF2A288004226D1 /* ShellScript */ = {
			isa = PBXShellScriptBuildPhase;
			buildActionMask = 2147483647;
			files = (
			);
			inputPaths = (
			);
			outputPaths = (
			);
			runOnlyForDeploymentPostprocessing = 0;
			shellPath = /bin/sh;
			shellScript = "./Fabric.framework/run f608d0f8cbb4818b0241a74b28d53513df83e887 258cdb4e998f931878159f18d2c4b15d2bed4829fe8750b178502944fe294b86";
		};
		8C6700C9DF41678313B81ADA /* [CP] Copy Pods Resources */ = {
			isa = PBXShellScriptBuildPhase;
			buildActionMask = 2147483647;
			files = (
			);
			inputPaths = (
				"${SRCROOT}/Pods/Target Support Files/Pods-osyaberiya/Pods-osyaberiya-resources.sh",
				"${PODS_ROOT}/TwitterKit/iOS/TwitterKit.framework/TwitterKitResources.bundle",
				"${PODS_ROOT}/TwitterKit/iOS/TwitterKit.framework/TwitterShareExtensionUIResources.bundle",
			);
			name = "[CP] Copy Pods Resources";
			outputPaths = (
				"${TARGET_BUILD_DIR}/${UNLOCALIZED_RESOURCES_FOLDER_PATH}",
			);
			runOnlyForDeploymentPostprocessing = 0;
			shellPath = /bin/sh;
			shellScript = "\"${SRCROOT}/Pods/Target Support Files/Pods-osyaberiya/Pods-osyaberiya-resources.sh\"\n";
			showEnvVarsInLog = 0;
		};
		C5F29F1542EA3FA6A70ADA18 /* [CP] Embed Pods Frameworks */ = {
			isa = PBXShellScriptBuildPhase;
			buildActionMask = 2147483647;
			files = (
			);
			inputPaths = (
				"${SRCROOT}/Pods/Target Support Files/Pods-osyaberiya/Pods-osyaberiya-frameworks.sh",
				"${BUILT_PRODUCTS_DIR}/Bolts/Bolts.framework",
				"${BUILT_PRODUCTS_DIR}/FBSDKCoreKit/FBSDKCoreKit.framework",
				"${BUILT_PRODUCTS_DIR}/FBSDKLoginKit/FBSDKLoginKit.framework",
				"${BUILT_PRODUCTS_DIR}/FBSDKShareKit/FBSDKShareKit.framework",
				"${PODS_ROOT}/TwitterCore/iOS/TwitterCore.framework",
				"${PODS_ROOT}/TwitterKit/iOS/TwitterKit.framework",
			);
			name = "[CP] Embed Pods Frameworks";
			outputPaths = (
				"${TARGET_BUILD_DIR}/${FRAMEWORKS_FOLDER_PATH}/Bolts.framework",
				"${TARGET_BUILD_DIR}/${FRAMEWORKS_FOLDER_PATH}/FBSDKCoreKit.framework",
				"${TARGET_BUILD_DIR}/${FRAMEWORKS_FOLDER_PATH}/FBSDKLoginKit.framework",
				"${TARGET_BUILD_DIR}/${FRAMEWORKS_FOLDER_PATH}/FBSDKShareKit.framework",
				"${TARGET_BUILD_DIR}/${FRAMEWORKS_FOLDER_PATH}/TwitterCore.framework",
				"${TARGET_BUILD_DIR}/${FRAMEWORKS_FOLDER_PATH}/TwitterKit.framework",
			);
			runOnlyForDeploymentPostprocessing = 0;
			shellPath = /bin/sh;
			shellScript = "\"${SRCROOT}/Pods/Target Support Files/Pods-osyaberiya/Pods-osyaberiya-frameworks.sh\"\n";
			showEnvVarsInLog = 0;
		};
/* End PBXShellScriptBuildPhase section */

/* Begin PBXSourcesBuildPhase section */
		4619592A1FE4F0E400E5D763 /* Sources */ = {
			isa = PBXSourcesBuildPhase;
			buildActionMask = 2147483647;
			files = (
				4654EFE61FF3EB4A00F781AC /* PostViewModel.swift in Sources */,
				46A428201FE57895005034C4 /* UIAlertController+extension.swift in Sources */,
				461959341FE4F0E400E5D763 /* PostViewController.swift in Sources */,
				46A428241FE69171005034C4 /* ResultViewModel.swift in Sources */,
				46CEFB591FE9502B0039AA78 /* LayoutViewModel.swift in Sources */,
				465A368E1FE503E400C25BE7 /* ResultViewController.swift in Sources */,
				461959321FE4F0E400E5D763 /* AppDelegate.swift in Sources */,
				465A36961FE51FFF00C25BE7 /* VideoManager.swift in Sources */,
				4654EFE41FF3E70B00F781AC /* UtilModel.swift in Sources */,
				46A428221FE68910005034C4 /* SettingViewController.swift in Sources */,
			);
			runOnlyForDeploymentPostprocessing = 0;
		};
/* End PBXSourcesBuildPhase section */

/* Begin PBXVariantGroup section */
		461959351FE4F0E400E5D763 /* Main.storyboard */ = {
			isa = PBXVariantGroup;
			children = (
				461959361FE4F0E400E5D763 /* Base */,
			);
			name = Main.storyboard;
			sourceTree = "<group>";
		};
/* End PBXVariantGroup section */

/* Begin XCBuildConfiguration section */
		4619593E1FE4F0E400E5D763 /* Debug */ = {
			isa = XCBuildConfiguration;
			buildSettings = {
				ALWAYS_SEARCH_USER_PATHS = NO;
				CLANG_ANALYZER_NONNULL = YES;
				CLANG_ANALYZER_NUMBER_OBJECT_CONVERSION = YES_AGGRESSIVE;
				CLANG_CXX_LANGUAGE_STANDARD = "gnu++14";
				CLANG_CXX_LIBRARY = "libc++";
				CLANG_ENABLE_MODULES = YES;
				CLANG_ENABLE_OBJC_ARC = YES;
				CLANG_WARN_BLOCK_CAPTURE_AUTORELEASING = YES;
				CLANG_WARN_BOOL_CONVERSION = YES;
				CLANG_WARN_COMMA = YES;
				CLANG_WARN_CONSTANT_CONVERSION = YES;
				CLANG_WARN_DIRECT_OBJC_ISA_USAGE = YES_ERROR;
				CLANG_WARN_DOCUMENTATION_COMMENTS = YES;
				CLANG_WARN_EMPTY_BODY = YES;
				CLANG_WARN_ENUM_CONVERSION = YES;
				CLANG_WARN_INFINITE_RECURSION = YES;
				CLANG_WARN_INT_CONVERSION = YES;
				CLANG_WARN_NON_LITERAL_NULL_CONVERSION = YES;
				CLANG_WARN_OBJC_LITERAL_CONVERSION = YES;
				CLANG_WARN_OBJC_ROOT_CLASS = YES_ERROR;
				CLANG_WARN_RANGE_LOOP_ANALYSIS = YES;
				CLANG_WARN_STRICT_PROTOTYPES = YES;
				CLANG_WARN_SUSPICIOUS_MOVE = YES;
				CLANG_WARN_UNGUARDED_AVAILABILITY = YES_AGGRESSIVE;
				CLANG_WARN_UNREACHABLE_CODE = YES;
				CLANG_WARN__DUPLICATE_METHOD_MATCH = YES;
				CODE_SIGN_IDENTITY = "iPhone Developer";
				COPY_PHASE_STRIP = NO;
				DEBUG_INFORMATION_FORMAT = dwarf;
				ENABLE_STRICT_OBJC_MSGSEND = YES;
				ENABLE_TESTABILITY = YES;
				GCC_C_LANGUAGE_STANDARD = gnu11;
				GCC_DYNAMIC_NO_PIC = NO;
				GCC_NO_COMMON_BLOCKS = YES;
				GCC_OPTIMIZATION_LEVEL = 0;
				GCC_PREPROCESSOR_DEFINITIONS = (
					"DEBUG=1",
					"$(inherited)",
				);
				GCC_WARN_64_TO_32_BIT_CONVERSION = YES;
				GCC_WARN_ABOUT_RETURN_TYPE = YES_ERROR;
				GCC_WARN_UNDECLARED_SELECTOR = YES;
				GCC_WARN_UNINITIALIZED_AUTOS = YES_AGGRESSIVE;
				GCC_WARN_UNUSED_FUNCTION = YES;
				GCC_WARN_UNUSED_VARIABLE = YES;
				IPHONEOS_DEPLOYMENT_TARGET = 10.0;
				MTL_ENABLE_DEBUG_INFO = YES;
				ONLY_ACTIVE_ARCH = YES;
				SDKROOT = iphoneos;
				SWIFT_ACTIVE_COMPILATION_CONDITIONS = DEBUG;
				SWIFT_OBJC_BRIDGING_HEADER = "";
				SWIFT_OPTIMIZATION_LEVEL = "-Onone";
			};
			name = Debug;
		};
		4619593F1FE4F0E400E5D763 /* Release */ = {
			isa = XCBuildConfiguration;
			buildSettings = {
				ALWAYS_SEARCH_USER_PATHS = NO;
				CLANG_ANALYZER_NONNULL = YES;
				CLANG_ANALYZER_NUMBER_OBJECT_CONVERSION = YES_AGGRESSIVE;
				CLANG_CXX_LANGUAGE_STANDARD = "gnu++14";
				CLANG_CXX_LIBRARY = "libc++";
				CLANG_ENABLE_MODULES = YES;
				CLANG_ENABLE_OBJC_ARC = YES;
				CLANG_WARN_BLOCK_CAPTURE_AUTORELEASING = YES;
				CLANG_WARN_BOOL_CONVERSION = YES;
				CLANG_WARN_COMMA = YES;
				CLANG_WARN_CONSTANT_CONVERSION = YES;
				CLANG_WARN_DIRECT_OBJC_ISA_USAGE = YES_ERROR;
				CLANG_WARN_DOCUMENTATION_COMMENTS = YES;
				CLANG_WARN_EMPTY_BODY = YES;
				CLANG_WARN_ENUM_CONVERSION = YES;
				CLANG_WARN_INFINITE_RECURSION = YES;
				CLANG_WARN_INT_CONVERSION = YES;
				CLANG_WARN_NON_LITERAL_NULL_CONVERSION = YES;
				CLANG_WARN_OBJC_LITERAL_CONVERSION = YES;
				CLANG_WARN_OBJC_ROOT_CLASS = YES_ERROR;
				CLANG_WARN_RANGE_LOOP_ANALYSIS = YES;
				CLANG_WARN_STRICT_PROTOTYPES = YES;
				CLANG_WARN_SUSPICIOUS_MOVE = YES;
				CLANG_WARN_UNGUARDED_AVAILABILITY = YES_AGGRESSIVE;
				CLANG_WARN_UNREACHABLE_CODE = YES;
				CLANG_WARN__DUPLICATE_METHOD_MATCH = YES;
				CODE_SIGN_IDENTITY = "iPhone Developer";
				COPY_PHASE_STRIP = NO;
				DEBUG_INFORMATION_FORMAT = "dwarf-with-dsym";
				ENABLE_NS_ASSERTIONS = NO;
				ENABLE_STRICT_OBJC_MSGSEND = YES;
				GCC_C_LANGUAGE_STANDARD = gnu11;
				GCC_NO_COMMON_BLOCKS = YES;
				GCC_WARN_64_TO_32_BIT_CONVERSION = YES;
				GCC_WARN_ABOUT_RETURN_TYPE = YES_ERROR;
				GCC_WARN_UNDECLARED_SELECTOR = YES;
				GCC_WARN_UNINITIALIZED_AUTOS = YES_AGGRESSIVE;
				GCC_WARN_UNUSED_FUNCTION = YES;
				GCC_WARN_UNUSED_VARIABLE = YES;
				IPHONEOS_DEPLOYMENT_TARGET = 10.0;
				MTL_ENABLE_DEBUG_INFO = NO;
				SDKROOT = iphoneos;
				SWIFT_OBJC_BRIDGING_HEADER = "";
				SWIFT_OPTIMIZATION_LEVEL = "-Owholemodule";
				VALIDATE_PRODUCT = YES;
			};
			name = Release;
		};
		461959411FE4F0E400E5D763 /* Debug */ = {
			isa = XCBuildConfiguration;
			baseConfigurationReference = E473DD01AD0C9AD8B95EAB03 /* Pods-osyaberiya.debug.xcconfig */;
			buildSettings = {
				ASSETCATALOG_COMPILER_APPICON_NAME = AppIcon;
				ASSETCATALOG_COMPILER_LAUNCHIMAGE_NAME = LaunchImage;
				CLANG_ENABLE_MODULES = YES;
				CODE_SIGN_STYLE = Automatic;
				DEBUG_INFORMATION_FORMAT = "dwarf-with-dsym";
				DEVELOPMENT_TEAM = R3L8QANSY7;
				INFOPLIST_FILE = osyaberiya/Info.plist;
				IPHONEOS_DEPLOYMENT_TARGET = 10.0;
				LD_RUNPATH_SEARCH_PATHS = "$(inherited) @executable_path/Frameworks";
				PRODUCT_BUNDLE_IDENTIFIER = koooootake.osyaberiya;
				PRODUCT_NAME = "$(TARGET_NAME)";
				SWIFT_OBJC_BRIDGING_HEADER = "osyaberiya/osyaberiya-Bridging-Header.h";
				SWIFT_OPTIMIZATION_LEVEL = "-Onone";
				SWIFT_VERSION = 4.0;
				TARGETED_DEVICE_FAMILY = "1,2";
			};
			name = Debug;
		};
		461959421FE4F0E400E5D763 /* Release */ = {
			isa = XCBuildConfiguration;
			baseConfigurationReference = 1A8B6B412ADECE909F304D5B /* Pods-osyaberiya.release.xcconfig */;
			buildSettings = {
				ASSETCATALOG_COMPILER_APPICON_NAME = AppIcon;
				ASSETCATALOG_COMPILER_LAUNCHIMAGE_NAME = LaunchImage;
				CLANG_ENABLE_MODULES = YES;
				CODE_SIGN_STYLE = Automatic;
				DEBUG_INFORMATION_FORMAT = "dwarf-with-dsym";
				DEVELOPMENT_TEAM = R3L8QANSY7;
				INFOPLIST_FILE = osyaberiya/Info.plist;
				IPHONEOS_DEPLOYMENT_TARGET = 10.0;
				LD_RUNPATH_SEARCH_PATHS = "$(inherited) @executable_path/Frameworks";
				PRODUCT_BUNDLE_IDENTIFIER = koooootake.osyaberiya;
				PRODUCT_NAME = "$(TARGET_NAME)";
				SWIFT_OBJC_BRIDGING_HEADER = "osyaberiya/osyaberiya-Bridging-Header.h";
				SWIFT_VERSION = 4.0;
				TARGETED_DEVICE_FAMILY = "1,2";
			};
			name = Release;
		};
/* End XCBuildConfiguration section */

/* Begin XCConfigurationList section */
		461959291FE4F0E400E5D763 /* Build configuration list for PBXProject "osyaberiya" */ = {
			isa = XCConfigurationList;
			buildConfigurations = (
				4619593E1FE4F0E400E5D763 /* Debug */,
				4619593F1FE4F0E400E5D763 /* Release */,
			);
			defaultConfigurationIsVisible = 0;
			defaultConfigurationName = Release;
		};
		461959401FE4F0E400E5D763 /* Build configuration list for PBXNativeTarget "osyaberiya" */ = {
			isa = XCConfigurationList;
			buildConfigurations = (
				461959411FE4F0E400E5D763 /* Debug */,
				461959421FE4F0E400E5D763 /* Release */,
			);
			defaultConfigurationIsVisible = 0;
			defaultConfigurationName = Release;
		};
/* End XCConfigurationList section */
	};
	rootObject = 461959261FE4F0E400E5D763 /* Project object */;
}
